{
  "nodes": {
    "emacs-overlay": {
      "locked": {
        "lastModified": 1623665353,
        "narHash": "sha256-QLQNdYKjAzkSWOZR/uLJ9mFlbuLCRw6hE3GHPNyacgE=",
        "owner": "nix-community",
        "repo": "emacs-overlay",
        "rev": "ab78bd1edc2d37a085921186010944b78a460a08",
        "type": "github"
      },
      "original": {
        "owner": "nix-community",
        "repo": "emacs-overlay",
        "type": "github"
      }
    },
    "flake-utils": {
      "locked": {
        "lastModified": 1622445595,
        "narHash": "sha256-m+JRe6Wc5OZ/mKw2bB3+Tl0ZbtyxxxfnAWln8Q5qs+Y=",
        "owner": "numtide",
        "repo": "flake-utils",
        "rev": "7d706970d94bc5559077eb1a6600afddcd25a7c8",
        "type": "github"
      },
      "original": {
        "owner": "numtide",
        "repo": "flake-utils",
        "type": "github"
      }
    },
    "nixpkgs": {
      "locked": {
        "lastModified": 1623248262,
        "narHash": "sha256-457m3EtqK48vNa8OEo/662HYtu/crjUqBVk1Zem0v3w=",
        "owner": "nixos",
        "repo": "nixpkgs",
        "rev": "86d8a4876235f9600439401efad8b957ea3a5c26",
        "type": "github"
      },
      "original": {
        "owner": "nixos",
        "ref": "release-21.05",
        "repo": "nixpkgs",
        "type": "github"
      }
    },
    "root": {
      "inputs": {
        "emacs-overlay": "emacs-overlay",
        "flake-utils": "flake-utils",
        "nixpkgs": "nixpkgs"
      }
    }
  },
  "root": "root",
  "version": 7
}
